
Microsoft Visual Studio Solution File, Format Version 12.00
# Visual Studio Version 17
VisualStudioVersion = 17.9.34701.34
MinimumVisualStudioVersion = 10.0.40219.1
Project("{FAE04EC0-301F-11D3-BF4B-00C04F79EFBC}") = "File-explorer", "File-explorer.csproj", "{377E6BE7-49AE-4AC6-843C-F7C16FCDDED6}"
EndProject
Global
	GlobalSection(SolutionConfigurationPlatforms) = preSolution
		Debug|Any CPU = Debug|Any CPU
		Release|Any CPU = Release|Any CPU
	EndGlobalSection
	GlobalSection(ProjectConfigurationPlatforms) = postSolution
		{377E6BE7-49AE-4AC6-843C-F7C16FCDDED6}.Debug|Any CPU.ActiveCfg = Debug|Any CPU
		{377E6BE7-49AE-4AC6-843C-F7C16FCDDED6}.Debug|Any CPU.Build.0 = Debug|Any CPU
		{377E6BE7-49AE-4AC6-843C-F7C16FCDDED6}.Release|Any CPU.ActiveCfg = Release|Any CPU
		{377E6BE7-49AE-4AC6-843C-F7C16FCDDED6}.Release|Any CPU.Build.0 = Release|Any CPU
	EndGlobalSection
	GlobalSection(SolutionProperties) = preSolution
		HideSolutionNode = FALSE
	EndGlobalSection
	GlobalSection(ExtensibilityGlobals) = postSolution
		SolutionGuid = {930D9169-DA6F-48EA-8B90-4590B01D6B05}
	EndGlobalSection
EndGlobal
